
Microsoft Visual Studio Solution File, Format Version 12.00
# Visual Studio Version 17
VisualStudioVersion = 17.0.31903.59
MinimumVisualStudioVersion = 10.0.40219.1
Project("{2150E333-8FDC-42A3-9474-1A3956D46DE8}") = "src", "src", "{1E705D2D-37A1-48D5-897E-226A46952383}"
EndProject
Project("{FAE04EC0-301F-11D3-BF4B-00C04F79EFBC}") = "AuctionService", "src\AuctionService\AuctionService.csproj", "{7892349E-F08D-46D8-90CA-9D62043FF093}"
EndProject
Project("{FAE04EC0-301F-11D3-BF4B-00C04F79EFBC}") = "SearchService", "src\SearchService\SearchService.csproj", "{D5FEE4B0-D17E-4667-B9CF-A3D4C8C644B6}"
EndProject
Global
	GlobalSection(SolutionConfigurationPlatforms) = preSolution
		Debug|Any CPU = Debug|Any CPU
		Release|Any CPU = Release|Any CPU
	EndGlobalSection
	GlobalSection(ProjectConfigurationPlatforms) = postSolution
		{7892349E-F08D-46D8-90CA-9D62043FF093}.Debug|Any CPU.ActiveCfg = Debug|Any CPU
		{7892349E-F08D-46D8-90CA-9D62043FF093}.Debug|Any CPU.Build.0 = Debug|Any CPU
		{7892349E-F08D-46D8-90CA-9D62043FF093}.Release|Any CPU.ActiveCfg = Release|Any CPU
		{7892349E-F08D-46D8-90CA-9D62043FF093}.Release|Any CPU.Build.0 = Release|Any CPU
		{D5FEE4B0-D17E-4667-B9CF-A3D4C8C644B6}.Debug|Any CPU.ActiveCfg = Debug|Any CPU
		{D5FEE4B0-D17E-4667-B9CF-A3D4C8C644B6}.Debug|Any CPU.Build.0 = Debug|Any CPU
		{D5FEE4B0-D17E-4667-B9CF-A3D4C8C644B6}.Release|Any CPU.ActiveCfg = Release|Any CPU
		{D5FEE4B0-D17E-4667-B9CF-A3D4C8C644B6}.Release|Any CPU.Build.0 = Release|Any CPU
	EndGlobalSection
	GlobalSection(SolutionProperties) = preSolution
		HideSolutionNode = FALSE
	EndGlobalSection
	GlobalSection(NestedProjects) = preSolution
		{7892349E-F08D-46D8-90CA-9D62043FF093} = {1E705D2D-37A1-48D5-897E-226A46952383}
		{D5FEE4B0-D17E-4667-B9CF-A3D4C8C644B6} = {1E705D2D-37A1-48D5-897E-226A46952383}
	EndGlobalSection
EndGlobal
